// !$*UTF8*$!
{
	archiveVersion = 1;
	classes = {
	};
	objectVersion = 55;
	objects = {

/* Begin PBXBuildFile section */
		D5982884281E7DC500F13A8F /* StartViewController.swift in Sources */ = {isa = PBXBuildFile; fileRef = D5982883281E7DC500F13A8F /* StartViewController.swift */; };
		D5DD2F53280BB59D0088A7C0 /* AppDelegate.swift in Sources */ = {isa = PBXBuildFile; fileRef = D5DD2F52280BB59D0088A7C0 /* AppDelegate.swift */; };
		D5DD2F55280BB59D0088A7C0 /* SceneDelegate.swift in Sources */ = {isa = PBXBuildFile; fileRef = D5DD2F54280BB59D0088A7C0 /* SceneDelegate.swift */; };
		D5DD2F57280BB59D0088A7C0 /* SettingsViewController.swift in Sources */ = {isa = PBXBuildFile; fileRef = D5DD2F56280BB59D0088A7C0 /* SettingsViewController.swift */; };
		D5DD2F5A280BB59D0088A7C0 /* Main.storyboard in Resources */ = {isa = PBXBuildFile; fileRef = D5DD2F58280BB59D0088A7C0 /* Main.storyboard */; };
		D5DD2F5C280BB59D0088A7C0 /* Assets.xcassets in Resources */ = {isa = PBXBuildFile; fileRef = D5DD2F5B280BB59D0088A7C0 /* Assets.xcassets */; };
		D5DD2F5F280BB59D0088A7C0 /* LaunchScreen.storyboard in Resources */ = {isa = PBXBuildFile; fileRef = D5DD2F5D280BB59D0088A7C0 /* LaunchScreen.storyboard */; };
/* End PBXBuildFile section */

/* Begin PBXFileReference section */
		D5982883281E7DC500F13A8F /* StartViewController.swift */ = {isa = PBXFileReference; lastKnownFileType = sourcecode.swift; path = StartViewController.swift; sourceTree = "<group>"; };
		D5DD2F4F280BB59D0088A7C0 /* SliderProject.app */ = {isa = PBXFileReference; explicitFileType = wrapper.application; includeInIndex = 0; path = SliderProject.app; sourceTree = BUILT_PRODUCTS_DIR; };
		D5DD2F52280BB59D0088A7C0 /* AppDelegate.swift */ = {isa = PBXFileReference; lastKnownFileType = sourcecode.swift; path = AppDelegate.swift; sourceTree = "<group>"; };
		D5DD2F54280BB59D0088A7C0 /* SceneDelegate.swift */ = {isa = PBXFileReference; lastKnownFileType = sourcecode.swift; path = SceneDelegate.swift; sourceTree = "<group>"; };
		D5DD2F56280BB59D0088A7C0 /* SettingsViewController.swift */ = {isa = PBXFileReference; lastKnownFileType = sourcecode.swift; path = SettingsViewController.swift; sourceTree = "<group>"; };
		D5DD2F59280BB59D0088A7C0 /* Base */ = {isa = PBXFileReference; lastKnownFileType = file.storyboard; name = Base; path = Base.lproj/Main.storyboard; sourceTree = "<group>"; };
		D5DD2F5B280BB59D0088A7C0 /* Assets.xcassets */ = {isa = PBXFileReference; lastKnownFileType = folder.assetcatalog; path = Assets.xcassets; sourceTree = "<group>"; };
		D5DD2F5E280BB59D0088A7C0 /* Base */ = {isa = PBXFileReference; lastKnownFileType = file.storyboard; name = Base; path = Base.lproj/LaunchScreen.storyboard; sourceTree = "<group>"; };
		D5DD2F60280BB59D0088A7C0 /* Info.plist */ = {isa = PBXFileReference; lastKnownFileType = text.plist.xml; path = Info.plist; sourceTree = "<group>"; };
/* End PBXFileReference section */

/* Begin PBXFrameworksBuildPhase section */
		D5DD2F4C280BB59D0088A7C0 /* Frameworks */ = {
			isa = PBXFrameworksBuildPhase;
			buildActionMask = 2147483647;
			files = (
			);
			runOnlyForDeploymentPostprocessing = 0;
		};
/* End PBXFrameworksBuildPhase section */

/* Begin PBXGroup section */
		D5982882281E7D9300F13A8F /* ViewControllers */ = {
			isa = PBXGroup;
			children = (
				D5982883281E7DC500F13A8F /* StartViewController.swift */,
				D5DD2F56280BB59D0088A7C0 /* SettingsViewController.swift */,
			);
			path = ViewControllers;
			sourceTree = "<group>";
		};
		D5DD2F46280BB59D0088A7C0 = {
			isa = PBXGroup;
			children = (
				D5DD2F51280BB59D0088A7C0 /* SliderProject */,
				D5DD2F50280BB59D0088A7C0 /* Products */,
			);
			sourceTree = "<group>";
		};
		D5DD2F50280BB59D0088A7C0 /* Products */ = {
			isa = PBXGroup;
			children = (
				D5DD2F4F280BB59D0088A7C0 /* SliderProject.app */,
			);
			name = Products;
			sourceTree = "<group>";
		};
		D5DD2F51280BB59D0088A7C0 /* SliderProject */ = {
			isa = PBXGroup;
			children = (
				D5982882281E7D9300F13A8F /* ViewControllers */,
				D5E35D10281FBB6500D6F9B5 /* StoryBoards */,
				D5E35D11281FBB8300D6F9B5 /* Resources */,
				D5E35D12281FBB9100D6F9B5 /* App */,
			);
			path = SliderProject;
			sourceTree = "<group>";
		};
		D5E35D10281FBB6500D6F9B5 /* StoryBoards */ = {
			isa = PBXGroup;
			children = (
				D5DD2F5D280BB59D0088A7C0 /* LaunchScreen.storyboard */,
				D5DD2F58280BB59D0088A7C0 /* Main.storyboard */,
			);
			path = StoryBoards;
			sourceTree = "<group>";
		};
		D5E35D11281FBB8300D6F9B5 /* Resources */ = {
			isa = PBXGroup;
			children = (
				D5DD2F5B280BB59D0088A7C0 /* Assets.xcassets */,
			);
			path = Resources;
			sourceTree = "<group>";
		};
		D5E35D12281FBB9100D6F9B5 /* App */ = {
			isa = PBXGroup;
			children = (
				D5DD2F52280BB59D0088A7C0 /* AppDelegate.swift */,
				D5DD2F54280BB59D0088A7C0 /* SceneDelegate.swift */,
				D5DD2F60280BB59D0088A7C0 /* Info.plist */,
			);
			path = App;
			sourceTree = "<group>";
		};
/* End PBXGroup section */

/* Begin PBXNativeTarget section */
		D5DD2F4E280BB59D0088A7C0 /* SliderProject */ = {
			isa = PBXNativeTarget;
			buildConfigurationList = D5DD2F63280BB59D0088A7C0 /* Build configuration list for PBXNativeTarget "SliderProject" */;
			buildPhases = (
				D5DD2F4B280BB59D0088A7C0 /* Sources */,
				D5DD2F4C280BB59D0088A7C0 /* Frameworks */,
				D5DD2F4D280BB59D0088A7C0 /* Resources */,
			);
			buildRules = (
			);
			dependencies = (
			);
			name = SliderProject;
			productName = SliderProject;
			productReference = D5DD2F4F280BB59D0088A7C0 /* SliderProject.app */;
			productType = "com.apple.product-type.application";
		};
/* End PBXNativeTarget section */

/* Begin PBXProject section */
		D5DD2F47280BB59D0088A7C0 /* Project object */ = {
			isa = PBXProject;
			attributes = {
				BuildIndependentTargetsInParallel = 1;
				LastSwiftUpdateCheck = 1330;
				LastUpgradeCheck = 1330;
				TargetAttributes = {
					D5DD2F4E280BB59D0088A7C0 = {
						CreatedOnToolsVersion = 13.3.1;
					};
				};
			};
			buildConfigurationList = D5DD2F4A280BB59D0088A7C0 /* Build configuration list for PBXProject "SliderProject" */;
			compatibilityVersion = "Xcode 13.0";
			developmentRegion = en;
			hasScannedForEncodings = 0;
			knownRegions = (
				en,
				Base,
			);
			mainGroup = D5DD2F46280BB59D0088A7C0;
			productRefGroup = D5DD2F50280BB59D0088A7C0 /* Products */;
			projectDirPath = "";
			projectRoot = "";
			targets = (
				D5DD2F4E280BB59D0088A7C0 /* SliderProject */,
			);
		};
/* End PBXProject section */

/* Begin PBXResourcesBuildPhase section */
		D5DD2F4D280BB59D0088A7C0 /* Resources */ = {
			isa = PBXResourcesBuildPhase;
			buildActionMask = 2147483647;
			files = (
				D5DD2F5F280BB59D0088A7C0 /* LaunchScreen.storyboard in Resources */,
				D5DD2F5C280BB59D0088A7C0 /* Assets.xcassets in Resources */,
				D5DD2F5A280BB59D0088A7C0 /* Main.storyboard in Resources */,
			);
			runOnlyForDeploymentPostprocessing = 0;
		};
/* End PBXResourcesBuildPhase section */

/* Begin PBXSourcesBuildPhase section */
		D5DD2F4B280BB59D0088A7C0 /* Sources */ = {
			isa = PBXSourcesBuildPhase;
			buildActionMask = 2147483647;
			files = (
				D5DD2F57280BB59D0088A7C0 /* SettingsViewController.swift in Sources */,
				D5982884281E7DC500F13A8F /* StartViewController.swift in Sources */,
				D5DD2F53280BB59D0088A7C0 /* AppDelegate.swift in Sources */,
				D5DD2F55280BB59D0088A7C0 /* SceneDelegate.swift in Sources */,
			);
			runOnlyForDeploymentPostprocessing = 0;
		};
/* End PBXSourcesBuildPhase section */

/* Begin PBXVariantGroup section */
		D5DD2F58280BB59D0088A7C0 /* Main.storyboard */ = {
			isa = PBXVariantGroup;
			children = (
				D5DD2F59280BB59D0088A7C0 /* Base */,
			);
			name = Main.storyboard;
			sourceTree = "<group>";
		};
		D5DD2F5D280BB59D0088A7C0 /* LaunchScreen.storyboard */ = {
			isa = PBXVariantGroup;
			children = (
				D5DD2F5E280BB59D0088A7C0 /* Base */,
			);
			name = LaunchScreen.storyboard;
			sourceTree = "<group>";
		};
/* End PBXVariantGroup section */

/* Begin XCBuildConfiguration section */
		D5DD2F61280BB59D0088A7C0 /* Debug */ = {
			isa = XCBuildConfiguration;
			buildSettings = {
				ALWAYS_SEARCH_USER_PATHS = NO;
				CLANG_ANALYZER_NONNULL = YES;
				CLANG_ANALYZER_NUMBER_OBJECT_CONVERSION = YES_AGGRESSIVE;
				CLANG_CXX_LANGUAGE_STANDARD = "gnu++17";
				CLANG_ENABLE_MODULES = YES;
				CLANG_ENABLE_OBJC_ARC = YES;
				CLANG_ENABLE_OBJC_WEAK = YES;
				CLANG_WARN_BLOCK_CAPTURE_AUTORELEASING = YES;
				CLANG_WARN_BOOL_CONVERSION = YES;
				CLANG_WARN_COMMA = YES;
				CLANG_WARN_CONSTANT_CONVERSION = YES;
				CLANG_WARN_DEPRECATED_OBJC_IMPLEMENTATIONS = YES;
				CLANG_WARN_DIRECT_OBJC_ISA_USAGE = YES_ERROR;
				CLANG_WARN_DOCUMENTATION_COMMENTS = YES;
				CLANG_WARN_EMPTY_BODY = YES;
				CLANG_WARN_ENUM_CONVERSION = YES;
				CLANG_WARN_INFINITE_RECURSION = YES;
				CLANG_WARN_INT_CONVERSION = YES;
				CLANG_WARN_NON_LITERAL_NULL_CONVERSION = YES;
				CLANG_WARN_OBJC_IMPLICIT_RETAIN_SELF = YES;
				CLANG_WARN_OBJC_LITERAL_CONVERSION = YES;
				CLANG_WARN_OBJC_ROOT_CLASS = YES_ERROR;
				CLANG_WARN_QUOTED_INCLUDE_IN_FRAMEWORK_HEADER = YES;
				CLANG_WARN_RANGE_LOOP_ANALYSIS = YES;
				CLANG_WARN_STRICT_PROTOTYPES = YES;
				CLANG_WARN_SUSPICIOUS_MOVE = YES;
				CLANG_WARN_UNGUARDED_AVAILABILITY = YES_AGGRESSIVE;
				CLANG_WARN_UNREACHABLE_CODE = YES;
				CLANG_WARN__DUPLICATE_METHOD_MATCH = YES;
				COPY_PHASE_STRIP = NO;
				DEBUG_INFORMATION_FORMAT = dwarf;
				ENABLE_STRICT_OBJC_MSGSEND = YES;
				ENABLE_TESTABILITY = YES;
				GCC_C_LANGUAGE_STANDARD = gnu11;
				GCC_DYNAMIC_NO_PIC = NO;
				GCC_NO_COMMON_BLOCKS = YES;
				GCC_OPTIMIZATION_LEVEL = 0;
				GCC_PREPROCESSOR_DEFINITIONS = (
					"DEBUG=1",
					"$(inherited)",
				);
				GCC_WARN_64_TO_32_BIT_CONVERSION = YES;
				GCC_WARN_ABOUT_RETURN_TYPE = YES_ERROR;
				GCC_WARN_UNDECLARED_SELECTOR = YES;
				GCC_WARN_UNINITIALIZED_AUTOS = YES_AGGRESSIVE;
				GCC_WARN_UNUSED_FUNCTION = YES;
				GCC_WARN_UNUSED_VARIABLE = YES;
				IPHONEOS_DEPLOYMENT_TARGET = 15.4;
				MTL_ENABLE_DEBUG_INFO = INCLUDE_SOURCE;
				MTL_FAST_MATH = YES;
				ONLY_ACTIVE_ARCH = YES;
				SDKROOT = iphoneos;
				SWIFT_ACTIVE_COMPILATION_CONDITIONS = DEBUG;
				SWIFT_OPTIMIZATION_LEVEL = "-Onone";
			};
			name = Debug;
		};
		D5DD2F62280BB59D0088A7C0 /* Release */ = {
			isa = XCBuildConfiguration;
			buildSettings = {
				ALWAYS_SEARCH_USER_PATHS = NO;
				CLANG_ANALYZER_NONNULL = YES;
				CLANG_ANALYZER_NUMBER_OBJECT_CONVERSION = YES_AGGRESSIVE;
				CLANG_CXX_LANGUAGE_STANDARD = "gnu++17";
				CLANG_ENABLE_MODULES = YES;
				CLANG_ENABLE_OBJC_ARC = YES;
				CLANG_ENABLE_OBJC_WEAK = YES;
				CLANG_WARN_BLOCK_CAPTURE_AUTORELEASING = YES;
				CLANG_WARN_BOOL_CONVERSION = YES;
				CLANG_WARN_COMMA = YES;
				CLANG_WARN_CONSTANT_CONVERSION = YES;
				CLANG_WARN_DEPRECATED_OBJC_IMPLEMENTATIONS = YES;
				CLANG_WARN_DIRECT_OBJC_ISA_USAGE = YES_ERROR;
				CLANG_WARN_DOCUMENTATION_COMMENTS = YES;
				CLANG_WARN_EMPTY_BODY = YES;
				CLANG_WARN_ENUM_CONVERSION = YES;
				CLANG_WARN_INFINITE_RECURSION = YES;
				CLANG_WARN_INT_CONVERSION = YES;
				CLANG_WARN_NON_LITERAL_NULL_CONVERSION = YES;
				CLANG_WARN_OBJC_IMPLICIT_RETAIN_SELF = YES;
				CLANG_WARN_OBJC_LITERAL_CONVERSION = YES;
				CLANG_WARN_OBJC_ROOT_CLASS = YES_ERROR;
				CLANG_WARN_QUOTED_INCLUDE_IN_FRAMEWORK_HEADER = YES;
				CLANG_WARN_RANGE_LOOP_ANALYSIS = YES;
				CLANG_WARN_STRICT_PROTOTYPES = YES;
				CLANG_WARN_SUSPICIOUS_MOVE = YES;
				CLANG_WARN_UNGUARDED_AVAILABILITY = YES_AGGRESSIVE;
				CLANG_WARN_UNREACHABLE_CODE = YES;
				CLANG_WARN__DUPLICATE_METHOD_MATCH = YES;
				COPY_PHASE_STRIP = NO;
				DEBUG_INFORMATION_FORMAT = "dwarf-with-dsym";
				ENABLE_NS_ASSERTIONS = NO;
				ENABLE_STRICT_OBJC_MSGSEND = YES;
				GCC_C_LANGUAGE_STANDARD = gnu11;
				GCC_NO_COMMON_BLOCKS = YES;
				GCC_WARN_64_TO_32_BIT_CONVERSION = YES;
				GCC_WARN_ABOUT_RETURN_TYPE = YES_ERROR;
				GCC_WARN_UNDECLARED_SELECTOR = YES;
				GCC_WARN_UNINITIALIZED_AUTOS = YES_AGGRESSIVE;
				GCC_WARN_UNUSED_FUNCTION = YES;
				GCC_WARN_UNUSED_VARIABLE = YES;
				IPHONEOS_DEPLOYMENT_TARGET = 15.4;
				MTL_ENABLE_DEBUG_INFO = NO;
				MTL_FAST_MATH = YES;
				SDKROOT = iphoneos;
				SWIFT_COMPILATION_MODE = wholemodule;
				SWIFT_OPTIMIZATION_LEVEL = "-O";
				VALIDATE_PRODUCT = YES;
			};
			name = Release;
		};
		D5DD2F64280BB59D0088A7C0 /* Debug */ = {
			isa = XCBuildConfiguration;
			buildSettings = {
				ASSETCATALOG_COMPILER_APPICON_NAME = AppIcon;
				ASSETCATALOG_COMPILER_GLOBAL_ACCENT_COLOR_NAME = AccentColor;
				CODE_SIGN_STYLE = Automatic;
				CURRENT_PROJECT_VERSION = 1;
				DEVELOPMENT_TEAM = 586H9K983F;
				GENERATE_INFOPLIST_FILE = YES;
				INFOPLIST_FILE = SliderProject/App/Info.plist;
				INFOPLIST_KEY_UIApplicationSupportsIndirectInputEvents = YES;
				INFOPLIST_KEY_UILaunchStoryboardName = LaunchScreen;
				INFOPLIST_KEY_UIMainStoryboardFile = Main;
				INFOPLIST_KEY_UISupportedInterfaceOrientations = UIInterfaceOrientationPortrait;
				INFOPLIST_KEY_UISupportedInterfaceOrientations_iPad = "UIInterfaceOrientationPortrait UIInterfaceOrientationPortraitUpsideDown UIInterfaceOrientationLandscapeLeft UIInterfaceOrientationLandscapeRight";
				INFOPLIST_KEY_UISupportedInterfaceOrientations_iPhone = "UIInterfaceOrientationPortrait UIInterfaceOrientationLandscapeLeft UIInterfaceOrientationLandscapeRight";
				LD_RUNPATH_SEARCH_PATHS = (
					"$(inherited)",
					"@executable_path/Frameworks",
				);
				MARKETING_VERSION = 1.0;
				PRODUCT_BUNDLE_IDENTIFIER = ru.maxgrishenko.SliderProject;
				PRODUCT_NAME = "$(TARGET_NAME)";
				SWIFT_EMIT_LOC_STRINGS = YES;
				SWIFT_VERSION = 5.0;
				TARGETED_DEVICE_FAMILY = 1;
			};
			name = Debug;
		};
		D5DD2F65280BB59D0088A7C0 /* Release */ = {
			isa = XCBuildConfiguration;
			buildSettings = {
				ASSETCATALOG_COMPILER_APPICON_NAME = AppIcon;
				ASSETCATALOG_COMPILER_GLOBAL_ACCENT_COLOR_NAME = AccentColor;
				CODE_SIGN_STYLE = Automatic;
				CURRENT_PROJECT_VERSION = 1;
				DEVELOPMENT_TEAM = 586H9K983F;
				GENERATE_INFOPLIST_FILE = YES;
				INFOPLIST_FILE = SliderProject/App/Info.plist;
				INFOPLIST_KEY_UIApplicationSupportsIndirectInputEvents = YES;
				INFOPLIST_KEY_UILaunchStoryboardName = LaunchScreen;
				INFOPLIST_KEY_UIMainStoryboardFile = Main;
				INFOPLIST_KEY_UISupportedInterfaceOrientations = UIInterfaceOrientationPortrait;
				INFOPLIST_KEY_UISupportedInterfaceOrientations_iPad = "UIInterfaceOrientationPortrait UIInterfaceOrientationPortraitUpsideDown UIInterfaceOrientationLandscapeLeft UIInterfaceOrientationLandscapeRight";
				INFOPLIST_KEY_UISupportedInterfaceOrientations_iPhone = "UIInterfaceOrientationPortrait UIInterfaceOrientationLandscapeLeft UIInterfaceOrientationLandscapeRight";
				LD_RUNPATH_SEARCH_PATHS = (
					"$(inherited)",
					"@executable_path/Frameworks",
				);
				MARKETING_VERSION = 1.0;
				PRODUCT_BUNDLE_IDENTIFIER = ru.maxgrishenko.SliderProject;
				PRODUCT_NAME = "$(TARGET_NAME)";
				SWIFT_EMIT_LOC_STRINGS = YES;
				SWIFT_VERSION = 5.0;
				TARGETED_DEVICE_FAMILY = 1;
			};
			name = Release;
		};
/* End XCBuildConfiguration section */

/* Begin XCConfigurationList section */
		D5DD2F4A280BB59D0088A7C0 /* Build configuration list for PBXProject "SliderProject" */ = {
			isa = XCConfigurationList;
			buildConfigurations = (
				D5DD2F61280BB59D0088A7C0 /* Debug */,
				D5DD2F62280BB59D0088A7C0 /* Release */,
			);
			defaultConfigurationIsVisible = 0;
			defaultConfigurationName = Release;
		};
		D5DD2F63280BB59D0088A7C0 /* Build configuration list for PBXNativeTarget "SliderProject" */ = {
			isa = XCConfigurationList;
			buildConfigurations = (
				D5DD2F64280BB59D0088A7C0 /* Debug */,
				D5DD2F65280BB59D0088A7C0 /* Release */,
			);
			defaultConfigurationIsVisible = 0;
			defaultConfigurationName = Release;
		};
/* End XCConfigurationList section */
	};
	rootObject = D5DD2F47280BB59D0088A7C0 /* Project object */;
}
